
Microsoft Visual Studio Solution File, Format Version 12.00
# Visual Studio Version 17
VisualStudioVersion = 17.0.31808.319
MinimumVisualStudioVersion = 10.0.40219.1
Project("{9A19103F-16F7-4668-BE54-9A1E7A4F7556}") = "C3D.Core.DataAccess.Extensions.EF6", "src\C3D.Core.DataAccess.Extensions.EF6.csproj", "{F501FA0D-FAC4-456F-8361-B019A4FF0055}"
EndProject
Project("{2150E333-8FDC-42A3-9474-1A3956D46DE8}") = "Solution Items", "Solution Items", "{E50CA57B-F3EE-49A7-A414-CBC516BAD2EE}"
	ProjectSection(SolutionItems) = preProject
		.gitignore = .gitignore
	EndProjectSection
EndProject
Project("{2150E333-8FDC-42A3-9474-1A3956D46DE8}") = "docs", "docs", "{843337D6-8B3F-4F04-891F-607FCCE6836F}"
	ProjectSection(SolutionItems) = preProject
		CONTRIBUTING.md = CONTRIBUTING.md
		LICENSE.txt = LICENSE.txt
		README.md = README.md
	EndProjectSection
EndProject
Global
	GlobalSection(SolutionConfigurationPlatforms) = preSolution
		Debug|Any CPU = Debug|Any CPU
		Release|Any CPU = Release|Any CPU
	EndGlobalSection
	GlobalSection(ProjectConfigurationPlatforms) = postSolution
		{F501FA0D-FAC4-456F-8361-B019A4FF0055}.Debug|Any CPU.ActiveCfg = Debug|Any CPU
		{F501FA0D-FAC4-456F-8361-B019A4FF0055}.Debug|Any CPU.Build.0 = Debug|Any CPU
		{F501FA0D-FAC4-456F-8361-B019A4FF0055}.Release|Any CPU.ActiveCfg = Release|Any CPU
		{F501FA0D-FAC4-456F-8361-B019A4FF0055}.Release|Any CPU.Build.0 = Release|Any CPU
	EndGlobalSection
	GlobalSection(SolutionProperties) = preSolution
		HideSolutionNode = FALSE
	EndGlobalSection
	GlobalSection(ExtensibilityGlobals) = postSolution
		SolutionGuid = {FDA2215B-5840-4982-96F1-3C5B24E77316}
	EndGlobalSection
EndGlobal
